
Microsoft Visual Studio Solution File, Format Version 12.00
# Visual Studio Version 17
VisualStudioVersion = 17.1.32210.238
MinimumVisualStudioVersion = 10.0.40219.1
Project("{FAE04EC0-301F-11D3-BF4B-00C04F79EFBC}") = "QuadigiSampling", "QuadigiSampling\QuadigiSampling.csproj", "{7909F696-F9E7-4B5A-9D26-958901314CE8}"
EndProject
Project("{FAE04EC0-301F-11D3-BF4B-00C04F79EFBC}") = "QuadigiSamplingTests", "QuadigiSamplingTests\QuadigiSamplingTests.csproj", "{74EA3B4A-4EBF-409B-BA23-1CC3F58CB3B9}"
EndProject
Global
	GlobalSection(SolutionConfigurationPlatforms) = preSolution
		Debug|Any CPU = Debug|Any CPU
		Release|Any CPU = Release|Any CPU
	EndGlobalSection
	GlobalSection(ProjectConfigurationPlatforms) = postSolution
		{7909F696-F9E7-4B5A-9D26-958901314CE8}.Debug|Any CPU.ActiveCfg = Debug|Any CPU
		{7909F696-F9E7-4B5A-9D26-958901314CE8}.Debug|Any CPU.Build.0 = Debug|Any CPU
		{7909F696-F9E7-4B5A-9D26-958901314CE8}.Release|Any CPU.ActiveCfg = Release|Any CPU
		{7909F696-F9E7-4B5A-9D26-958901314CE8}.Release|Any CPU.Build.0 = Release|Any CPU
		{74EA3B4A-4EBF-409B-BA23-1CC3F58CB3B9}.Debug|Any CPU.ActiveCfg = Debug|Any CPU
		{74EA3B4A-4EBF-409B-BA23-1CC3F58CB3B9}.Debug|Any CPU.Build.0 = Debug|Any CPU
		{74EA3B4A-4EBF-409B-BA23-1CC3F58CB3B9}.Release|Any CPU.ActiveCfg = Release|Any CPU
		{74EA3B4A-4EBF-409B-BA23-1CC3F58CB3B9}.Release|Any CPU.Build.0 = Release|Any CPU
	EndGlobalSection
	GlobalSection(SolutionProperties) = preSolution
		HideSolutionNode = FALSE
	EndGlobalSection
	GlobalSection(ExtensibilityGlobals) = postSolution
		SolutionGuid = {6FB6FBF0-29EB-4D13-A5F0-6CCF623E1741}
	EndGlobalSection
EndGlobal
